
Microsoft Visual Studio Solution File, Format Version 12.00
Project("{FAE04EC0-301F-11D3-BF4B-00C04F79EFBC}") = "Puzzle8UI", "Puzzle8UI\Puzzle8UI.csproj", "{2C4A4913-4A97-4E5B-854B-081903CC616A}"
EndProject
Global
	GlobalSection(SolutionConfigurationPlatforms) = preSolution
		Debug|Any CPU = Debug|Any CPU
		Release|Any CPU = Release|Any CPU
	EndGlobalSection
	GlobalSection(ProjectConfigurationPlatforms) = postSolution
		{2C4A4913-4A97-4E5B-854B-081903CC616A}.Debug|Any CPU.ActiveCfg = Debug|Any CPU
		{2C4A4913-4A97-4E5B-854B-081903CC616A}.Debug|Any CPU.Build.0 = Debug|Any CPU
		{2C4A4913-4A97-4E5B-854B-081903CC616A}.Release|Any CPU.ActiveCfg = Release|Any CPU
		{2C4A4913-4A97-4E5B-854B-081903CC616A}.Release|Any CPU.Build.0 = Release|Any CPU
	EndGlobalSection
EndGlobal
